
Microsoft Visual Studio Solution File, Format Version 12.00
# Visual Studio 2012
Project("{FAE04EC0-301F-11D3-BF4B-00C04F79EFBC}") = "Repl", "Repl\Repl.csproj", "{15119334-EF29-462B-A21B-231C180E2DCB}"
EndProject
Project("{FAE04EC0-301F-11D3-BF4B-00C04F79EFBC}") = "QDP", "QDP\QDP.csproj", "{4AD462E3-CA11-4246-94E2-F37EE31F9847}"
EndProject
Project("{FAE04EC0-301F-11D3-BF4B-00C04F79EFBC}") = "JLisp", "JLisp\JLisp.csproj", "{C94F06B1-0EBA-4DDD-AEBA-3F482F1983A4}"
EndProject
Project("{2150E333-8FDC-42A3-9474-1A3956D46DE8}") = "Solution Items", "Solution Items", "{666BA67C-6661-4807-AC79-66BB456EE180}"
	ProjectSection(SolutionItems) = preProject
		Readme.md = Readme.md
	EndProjectSection
EndProject
Global
	GlobalSection(SolutionConfigurationPlatforms) = preSolution
		Debug|Any CPU = Debug|Any CPU
		Release|Any CPU = Release|Any CPU
	EndGlobalSection
	GlobalSection(ProjectConfigurationPlatforms) = postSolution
		{15119334-EF29-462B-A21B-231C180E2DCB}.Debug|Any CPU.ActiveCfg = Debug|Any CPU
		{15119334-EF29-462B-A21B-231C180E2DCB}.Debug|Any CPU.Build.0 = Debug|Any CPU
		{15119334-EF29-462B-A21B-231C180E2DCB}.Release|Any CPU.ActiveCfg = Release|Any CPU
		{15119334-EF29-462B-A21B-231C180E2DCB}.Release|Any CPU.Build.0 = Release|Any CPU
		{4AD462E3-CA11-4246-94E2-F37EE31F9847}.Debug|Any CPU.ActiveCfg = Debug|Any CPU
		{4AD462E3-CA11-4246-94E2-F37EE31F9847}.Debug|Any CPU.Build.0 = Debug|Any CPU
		{4AD462E3-CA11-4246-94E2-F37EE31F9847}.Release|Any CPU.ActiveCfg = Release|Any CPU
		{4AD462E3-CA11-4246-94E2-F37EE31F9847}.Release|Any CPU.Build.0 = Release|Any CPU
		{C94F06B1-0EBA-4DDD-AEBA-3F482F1983A4}.Debug|Any CPU.ActiveCfg = Debug|Any CPU
		{C94F06B1-0EBA-4DDD-AEBA-3F482F1983A4}.Debug|Any CPU.Build.0 = Debug|Any CPU
		{C94F06B1-0EBA-4DDD-AEBA-3F482F1983A4}.Release|Any CPU.ActiveCfg = Release|Any CPU
		{C94F06B1-0EBA-4DDD-AEBA-3F482F1983A4}.Release|Any CPU.Build.0 = Release|Any CPU
	EndGlobalSection
	GlobalSection(MonoDevelopProperties) = preSolution
		Policies = $0
		$0.DotNetNamingPolicy = $1
		$1.DirectoryNamespaceAssociation = PrefixedHierarchical
		$0.VersionControlPolicy = $2
	EndGlobalSection
EndGlobal
